
Microsoft Visual Studio Solution File, Format Version 12.00
# Visual Studio Version 16
VisualStudioVersion = 16.0.31624.102
MinimumVisualStudioVersion = 10.0.40219.1
Project("{2150E333-8FDC-42A3-9474-1A3956D46DE8}") = "Doc", "Doc", "{34C54E9C-CEED-4381-BC7A-2E2D0F145824}"
	ProjectSection(SolutionItems) = preProject
		Doc\button-state.md = Doc\button-state.md
		Doc\engine.md = Doc\engine.md
		Doc\your-site.md = Doc\your-site.md
	EndProjectSection
EndProject
Project("{9A19103F-16F7-4668-BE54-9A1E7A4F7556}") = "study", "study\study.csproj", "{3B134D16-50E6-4B92-AF0B-48B0A8135999}"
EndProject
Global
	GlobalSection(SolutionConfigurationPlatforms) = preSolution
		Debug|Any CPU = Debug|Any CPU
		Release|Any CPU = Release|Any CPU
	EndGlobalSection
	GlobalSection(ProjectConfigurationPlatforms) = postSolution
		{3B134D16-50E6-4B92-AF0B-48B0A8135999}.Debug|Any CPU.ActiveCfg = Debug|Any CPU
		{3B134D16-50E6-4B92-AF0B-48B0A8135999}.Debug|Any CPU.Build.0 = Debug|Any CPU
		{3B134D16-50E6-4B92-AF0B-48B0A8135999}.Release|Any CPU.ActiveCfg = Release|Any CPU
		{3B134D16-50E6-4B92-AF0B-48B0A8135999}.Release|Any CPU.Build.0 = Release|Any CPU
	EndGlobalSection
	GlobalSection(SolutionProperties) = preSolution
		HideSolutionNode = FALSE
	EndGlobalSection
	GlobalSection(ExtensibilityGlobals) = postSolution
		SolutionGuid = {B19FBC4D-8F8E-4D4F-9303-BADD648EE856}
	EndGlobalSection
EndGlobal
